
Microsoft Visual Studio Solution File, Format Version 12.00
# Visual Studio Version 16
VisualStudioVersion = 16.0.30413.136
MinimumVisualStudioVersion = 10.0.40219.1
Project("{FAE04EC0-301F-11D3-BF4B-00C04F79EFBC}") = "Calcolatore", "Calcolatore\Calcolatore.csproj", "{51F42DF2-04B3-459F-9FE3-C13AED0AA2DC}"
EndProject
Global
	GlobalSection(SolutionConfigurationPlatforms) = preSolution
		Debug|Any CPU = Debug|Any CPU
		Release|Any CPU = Release|Any CPU
	EndGlobalSection
	GlobalSection(ProjectConfigurationPlatforms) = postSolution
		{51F42DF2-04B3-459F-9FE3-C13AED0AA2DC}.Debug|Any CPU.ActiveCfg = Debug|Any CPU
		{51F42DF2-04B3-459F-9FE3-C13AED0AA2DC}.Debug|Any CPU.Build.0 = Debug|Any CPU
		{51F42DF2-04B3-459F-9FE3-C13AED0AA2DC}.Release|Any CPU.ActiveCfg = Release|Any CPU
		{51F42DF2-04B3-459F-9FE3-C13AED0AA2DC}.Release|Any CPU.Build.0 = Release|Any CPU
	EndGlobalSection
	GlobalSection(SolutionProperties) = preSolution
		HideSolutionNode = FALSE
	EndGlobalSection
	GlobalSection(ExtensibilityGlobals) = postSolution
		SolutionGuid = {C686952C-0F5E-45D3-B89F-0EB5DC72F956}
	EndGlobalSection
EndGlobal
