
Microsoft Visual Studio Solution File, Format Version 12.00
# Visual Studio Version 16
VisualStudioVersion = 16.0.30204.135
MinimumVisualStudioVersion = 10.0.40219.1
Project("{FAE04EC0-301F-11D3-BF4B-00C04F79EFBC}") = "ConsoleApp1", "ConsoleApp1\ConsoleApp1.csproj", "{7A1EEB8B-1B90-46CC-ACFC-BBECC9715B0D}"
EndProject
Global
	GlobalSection(SolutionConfigurationPlatforms) = preSolution
		Debug|Any CPU = Debug|Any CPU
		Release|Any CPU = Release|Any CPU
	EndGlobalSection
	GlobalSection(ProjectConfigurationPlatforms) = postSolution
		{7A1EEB8B-1B90-46CC-ACFC-BBECC9715B0D}.Debug|Any CPU.ActiveCfg = Debug|Any CPU
		{7A1EEB8B-1B90-46CC-ACFC-BBECC9715B0D}.Debug|Any CPU.Build.0 = Debug|Any CPU
		{7A1EEB8B-1B90-46CC-ACFC-BBECC9715B0D}.Release|Any CPU.ActiveCfg = Release|Any CPU
		{7A1EEB8B-1B90-46CC-ACFC-BBECC9715B0D}.Release|Any CPU.Build.0 = Release|Any CPU
	EndGlobalSection
	GlobalSection(SolutionProperties) = preSolution
		HideSolutionNode = FALSE
	EndGlobalSection
	GlobalSection(ExtensibilityGlobals) = postSolution
		SolutionGuid = {ADFBF79E-9DD5-468C-9932-5773DA2F2298}
	EndGlobalSection
EndGlobal
