
Microsoft Visual Studio Solution File, Format Version 12.00
# Visual Studio Version 16
VisualStudioVersion = 16.0.30413.136
MinimumVisualStudioVersion = 10.0.40219.1
Project("{FAE04EC0-301F-11D3-BF4B-00C04F79EFBC}") = "WebApp2-counter", "WebApp2-counter\WebApp2-counter.csproj", "{8BD55E63-CA7A-4478-A589-7B0CB9A268D7}"
EndProject
Global
	GlobalSection(SolutionConfigurationPlatforms) = preSolution
		Debug|Any CPU = Debug|Any CPU
		Release|Any CPU = Release|Any CPU
	EndGlobalSection
	GlobalSection(ProjectConfigurationPlatforms) = postSolution
		{8BD55E63-CA7A-4478-A589-7B0CB9A268D7}.Debug|Any CPU.ActiveCfg = Debug|Any CPU
		{8BD55E63-CA7A-4478-A589-7B0CB9A268D7}.Debug|Any CPU.Build.0 = Debug|Any CPU
		{8BD55E63-CA7A-4478-A589-7B0CB9A268D7}.Release|Any CPU.ActiveCfg = Release|Any CPU
		{8BD55E63-CA7A-4478-A589-7B0CB9A268D7}.Release|Any CPU.Build.0 = Release|Any CPU
	EndGlobalSection
	GlobalSection(SolutionProperties) = preSolution
		HideSolutionNode = FALSE
	EndGlobalSection
	GlobalSection(ExtensibilityGlobals) = postSolution
		SolutionGuid = {D5961F69-FEAB-4FC4-BAB0-2D0523821D37}
	EndGlobalSection
EndGlobal
