
Microsoft Visual Studio Solution File, Format Version 12.00
# Visual Studio Version 16
VisualStudioVersion = 16.0.30204.135
MinimumVisualStudioVersion = 10.0.40219.1
Project("{FAE04EC0-301F-11D3-BF4B-00C04F79EFBC}") = "Esercitazione3_DB", "Esercitazione3_DB\Esercitazione3_DB.csproj", "{ED607024-D299-4E6D-97B7-C25DB3EF4E7F}"
EndProject
Global
	GlobalSection(SolutionConfigurationPlatforms) = preSolution
		Debug|Any CPU = Debug|Any CPU
		Release|Any CPU = Release|Any CPU
	EndGlobalSection
	GlobalSection(ProjectConfigurationPlatforms) = postSolution
		{ED607024-D299-4E6D-97B7-C25DB3EF4E7F}.Debug|Any CPU.ActiveCfg = Debug|Any CPU
		{ED607024-D299-4E6D-97B7-C25DB3EF4E7F}.Debug|Any CPU.Build.0 = Debug|Any CPU
		{ED607024-D299-4E6D-97B7-C25DB3EF4E7F}.Release|Any CPU.ActiveCfg = Release|Any CPU
		{ED607024-D299-4E6D-97B7-C25DB3EF4E7F}.Release|Any CPU.Build.0 = Release|Any CPU
	EndGlobalSection
	GlobalSection(SolutionProperties) = preSolution
		HideSolutionNode = FALSE
	EndGlobalSection
	GlobalSection(ExtensibilityGlobals) = postSolution
		SolutionGuid = {C051250D-4791-4DBF-8375-48D88B17B883}
	EndGlobalSection
EndGlobal
