
Microsoft Visual Studio Solution File, Format Version 12.00
# Visual Studio Version 16
VisualStudioVersion = 16.0.30204.135
MinimumVisualStudioVersion = 10.0.40219.1
Project("{FAE04EC0-301F-11D3-BF4B-00C04F79EFBC}") = "ConsoleApp2", "ConsoleApp2\ConsoleApp2.csproj", "{BD69AE95-A082-46DE-9106-999F78F96D05}"
EndProject
Global
	GlobalSection(SolutionConfigurationPlatforms) = preSolution
		Debug|Any CPU = Debug|Any CPU
		Release|Any CPU = Release|Any CPU
	EndGlobalSection
	GlobalSection(ProjectConfigurationPlatforms) = postSolution
		{BD69AE95-A082-46DE-9106-999F78F96D05}.Debug|Any CPU.ActiveCfg = Debug|Any CPU
		{BD69AE95-A082-46DE-9106-999F78F96D05}.Debug|Any CPU.Build.0 = Debug|Any CPU
		{BD69AE95-A082-46DE-9106-999F78F96D05}.Release|Any CPU.ActiveCfg = Release|Any CPU
		{BD69AE95-A082-46DE-9106-999F78F96D05}.Release|Any CPU.Build.0 = Release|Any CPU
	EndGlobalSection
	GlobalSection(SolutionProperties) = preSolution
		HideSolutionNode = FALSE
	EndGlobalSection
	GlobalSection(ExtensibilityGlobals) = postSolution
		SolutionGuid = {F1328E14-03E3-4E70-B63C-6F4860D19D4A}
	EndGlobalSection
EndGlobal
